
Microsoft Visual Studio Solution File, Format Version 12.00
# Visual Studio 15
Project("{FAE04EC0-301F-11D3-BF4B-00C04F79EFBC}") = "prueba", "prueba\prueba.csproj", "{698FD78B-A2FD-456F-8FEC-9433AFF60028}"
EndProject
Global
	GlobalSection(SolutionConfigurationPlatforms) = preSolution
		Debug|x86 = Debug|x86
		Release|x86 = Release|x86
	EndGlobalSection
	GlobalSection(ProjectConfigurationPlatforms) = postSolution
		{698FD78B-A2FD-456F-8FEC-9433AFF60028}.Debug|x86.ActiveCfg = Debug|x86
		{698FD78B-A2FD-456F-8FEC-9433AFF60028}.Debug|x86.Build.0 = Debug|x86
		{698FD78B-A2FD-456F-8FEC-9433AFF60028}.Release|x86.ActiveCfg = Release|x86
		{698FD78B-A2FD-456F-8FEC-9433AFF60028}.Release|x86.Build.0 = Release|x86
	EndGlobalSection
EndGlobal
